
Microsoft Visual Studio Solution File, Format Version 12.00
# Visual Studio 14
VisualStudioVersion = 14.0.24720.0
MinimumVisualStudioVersion = 10.0.40219.1
Project("{FAE04EC0-301F-11D3-BF4B-00C04F79EFBC}") = "Application1", "Application1\Application1.csproj", "{AE697EC0-05BD-47EB-87CE-3DD3E8A6FAAC}"
EndProject
Project("{FAE04EC0-301F-11D3-BF4B-00C04F79EFBC}") = "Testing", "Testing\Testing.csproj", "{A42FFD79-8342-4821-AC6E-210F105F635C}"
EndProject
Project("{FAE04EC0-301F-11D3-BF4B-00C04F79EFBC}") = "Controls", "Controls\Controls.csproj", "{7B938690-40F0-4734-8F3E-E1D4F7AB15E0}"
EndProject
Global
	GlobalSection(SolutionConfigurationPlatforms) = preSolution
		Debug|Any CPU = Debug|Any CPU
		Release|Any CPU = Release|Any CPU
	EndGlobalSection
	GlobalSection(ProjectConfigurationPlatforms) = postSolution
		{AE697EC0-05BD-47EB-87CE-3DD3E8A6FAAC}.Debug|Any CPU.ActiveCfg = Debug|Any CPU
		{AE697EC0-05BD-47EB-87CE-3DD3E8A6FAAC}.Debug|Any CPU.Build.0 = Debug|Any CPU
		{AE697EC0-05BD-47EB-87CE-3DD3E8A6FAAC}.Release|Any CPU.ActiveCfg = Release|Any CPU
		{AE697EC0-05BD-47EB-87CE-3DD3E8A6FAAC}.Release|Any CPU.Build.0 = Release|Any CPU
		{A42FFD79-8342-4821-AC6E-210F105F635C}.Debug|Any CPU.ActiveCfg = Debug|Any CPU
		{A42FFD79-8342-4821-AC6E-210F105F635C}.Debug|Any CPU.Build.0 = Debug|Any CPU
		{A42FFD79-8342-4821-AC6E-210F105F635C}.Release|Any CPU.ActiveCfg = Release|Any CPU
		{A42FFD79-8342-4821-AC6E-210F105F635C}.Release|Any CPU.Build.0 = Release|Any CPU
		{7B938690-40F0-4734-8F3E-E1D4F7AB15E0}.Debug|Any CPU.ActiveCfg = Debug|Any CPU
		{7B938690-40F0-4734-8F3E-E1D4F7AB15E0}.Debug|Any CPU.Build.0 = Debug|Any CPU
		{7B938690-40F0-4734-8F3E-E1D4F7AB15E0}.Release|Any CPU.ActiveCfg = Release|Any CPU
		{7B938690-40F0-4734-8F3E-E1D4F7AB15E0}.Release|Any CPU.Build.0 = Release|Any CPU
	EndGlobalSection
	GlobalSection(SolutionProperties) = preSolution
		HideSolutionNode = FALSE
	EndGlobalSection
EndGlobal
